
Microsoft Visual Studio Solution File, Format Version 12.00
# Visual Studio Version 17
VisualStudioVersion = 17.0.31903.59
MinimumVisualStudioVersion = 10.0.40219.1
Project("{FAE04EC0-301F-11D3-BF4B-00C04F79EFBC}") = "TradesApi.Api", "TradesApi.Api\TradesApi.Api.csproj", "{498C2159-6D33-45D2-8786-0561C7580C71}"
EndProject
Project("{FAE04EC0-301F-11D3-BF4B-00C04F79EFBC}") = "TradesApi.Core", "TradesApi.Core\TradesApi.Core.csproj", "{C60601D4-3325-4E18-A1B5-752D834BFEB6}"
EndProject
Project("{FAE04EC0-301F-11D3-BF4B-00C04F79EFBC}") = "TradesApi.Infrastructure", "TradesApi.Infrastructure\TradesApi.Infrastructure.csproj", "{499567D3-2F59-4F54-99D2-1C3625EE052C}"
EndProject
Project("{FAE04EC0-301F-11D3-BF4B-00C04F79EFBC}") = "TradesApi.Tests", "TradesApi.Tests\TradesApi.Tests.csproj", "{D90C45BC-5AF2-4776-850D-4CEB2B1454D7}"
EndProject
Project("{FAE04EC0-301F-11D3-BF4B-00C04F79EFBC}") = "TradeLogger.ConsoleApp", "TradeLogger.ConsoleApp\TradeLogger.ConsoleApp.csproj", "{5E67091B-CC5F-4415-B9F2-1AECBCAB3352}"
EndProject
Global
	GlobalSection(SolutionConfigurationPlatforms) = preSolution
		Debug|Any CPU = Debug|Any CPU
		Release|Any CPU = Release|Any CPU
	EndGlobalSection
	GlobalSection(SolutionProperties) = preSolution
		HideSolutionNode = FALSE
	EndGlobalSection
	GlobalSection(ProjectConfigurationPlatforms) = postSolution
		{498C2159-6D33-45D2-8786-0561C7580C71}.Debug|Any CPU.ActiveCfg = Debug|Any CPU
		{498C2159-6D33-45D2-8786-0561C7580C71}.Debug|Any CPU.Build.0 = Debug|Any CPU
		{498C2159-6D33-45D2-8786-0561C7580C71}.Release|Any CPU.ActiveCfg = Release|Any CPU
		{498C2159-6D33-45D2-8786-0561C7580C71}.Release|Any CPU.Build.0 = Release|Any CPU
		{C60601D4-3325-4E18-A1B5-752D834BFEB6}.Debug|Any CPU.ActiveCfg = Debug|Any CPU
		{C60601D4-3325-4E18-A1B5-752D834BFEB6}.Debug|Any CPU.Build.0 = Debug|Any CPU
		{C60601D4-3325-4E18-A1B5-752D834BFEB6}.Release|Any CPU.ActiveCfg = Release|Any CPU
		{C60601D4-3325-4E18-A1B5-752D834BFEB6}.Release|Any CPU.Build.0 = Release|Any CPU
		{499567D3-2F59-4F54-99D2-1C3625EE052C}.Debug|Any CPU.ActiveCfg = Debug|Any CPU
		{499567D3-2F59-4F54-99D2-1C3625EE052C}.Debug|Any CPU.Build.0 = Debug|Any CPU
		{499567D3-2F59-4F54-99D2-1C3625EE052C}.Release|Any CPU.ActiveCfg = Release|Any CPU
		{499567D3-2F59-4F54-99D2-1C3625EE052C}.Release|Any CPU.Build.0 = Release|Any CPU
		{D90C45BC-5AF2-4776-850D-4CEB2B1454D7}.Debug|Any CPU.ActiveCfg = Debug|Any CPU
		{D90C45BC-5AF2-4776-850D-4CEB2B1454D7}.Debug|Any CPU.Build.0 = Debug|Any CPU
		{D90C45BC-5AF2-4776-850D-4CEB2B1454D7}.Release|Any CPU.ActiveCfg = Release|Any CPU
		{D90C45BC-5AF2-4776-850D-4CEB2B1454D7}.Release|Any CPU.Build.0 = Release|Any CPU
		{5E67091B-CC5F-4415-B9F2-1AECBCAB3352}.Debug|Any CPU.ActiveCfg = Debug|Any CPU
		{5E67091B-CC5F-4415-B9F2-1AECBCAB3352}.Debug|Any CPU.Build.0 = Debug|Any CPU
		{5E67091B-CC5F-4415-B9F2-1AECBCAB3352}.Release|Any CPU.ActiveCfg = Release|Any CPU
		{5E67091B-CC5F-4415-B9F2-1AECBCAB3352}.Release|Any CPU.Build.0 = Release|Any CPU
	EndGlobalSection
EndGlobal
